
Microsoft Visual Studio Solution File, Format Version 12.00
# Visual Studio Version 17
VisualStudioVersion = 17.10.35013.160
MinimumVisualStudioVersion = 10.0.40219.1
Project("{FAE04EC0-301F-11D3-BF4B-00C04F79EFBC}") = "MusicSchool", "PractisService\MusicSchool.csproj", "{B58337DA-03E6-4FB5-A308-6704A1D37536}"
EndProject
Global
	GlobalSection(SolutionConfigurationPlatforms) = preSolution
		Debug|Any CPU = Debug|Any CPU
		Release|Any CPU = Release|Any CPU
	EndGlobalSection
	GlobalSection(ProjectConfigurationPlatforms) = postSolution
		{B58337DA-03E6-4FB5-A308-6704A1D37536}.Debug|Any CPU.ActiveCfg = Debug|Any CPU
		{B58337DA-03E6-4FB5-A308-6704A1D37536}.Debug|Any CPU.Build.0 = Debug|Any CPU
		{B58337DA-03E6-4FB5-A308-6704A1D37536}.Release|Any CPU.ActiveCfg = Release|Any CPU
		{B58337DA-03E6-4FB5-A308-6704A1D37536}.Release|Any CPU.Build.0 = Release|Any CPU
	EndGlobalSection
	GlobalSection(SolutionProperties) = preSolution
		HideSolutionNode = FALSE
	EndGlobalSection
	GlobalSection(ExtensibilityGlobals) = postSolution
		SolutionGuid = {853FAD86-F7D3-42DC-9796-0CD5C4E90342}
	EndGlobalSection
EndGlobal
